{
  "version": 4,
  "terraform_version": "1.6.4",
  "serial": 30,
  "lineage": "87a351b1-0332-3592-dc9e-1cdf3b42794c",
  "outputs": {
    "ads": {
      "value": [
        {
          "compartment_id": "ocid1.tenancy.oc1..aaaaaaaa7ir42cknj7xvbqc77vftjpvx7aavbueua4hzkuaur6wx7lyyvuxq",
          "id": "ocid1.availabilitydomain.oc1..aaaaaaaapjv4p3qtly2fesrig77q4tlmi3wvakeet6fskc7do2fmawz3xctq",
          "name": "bKRu:UK-LONDON-1-AD-1"
        },
        {
          "compartment_id": "ocid1.tenancy.oc1..aaaaaaaa7ir42cknj7xvbqc77vftjpvx7aavbueua4hzkuaur6wx7lyyvuxq",
          "id": "ocid1.availabilitydomain.oc1..aaaaaaaaw2i3i53quioaywmhx56ss5plwk7bmmeg2266lo7inilhbizeroua",
          "name": "bKRu:UK-LONDON-1-AD-2"
        },
        {
          "compartment_id": "ocid1.tenancy.oc1..aaaaaaaa7ir42cknj7xvbqc77vftjpvx7aavbueua4hzkuaur6wx7lyyvuxq",
          "id": "ocid1.availabilitydomain.oc1..aaaaaaaac6kgqnl5eberztbdm2ufhpxohk7cuelajmafpqa3m6rpri4tc2yq",
          "name": "bKRu:UK-LONDON-1-AD-3"
        }
      ],
      "type": [
        "list",
        [
          "object",
          {
            "compartment_id": "string",
            "id": "string",
            "name": "string"
          }
        ]
      ]
    },
    "subnet_id_1": {
      "value": "ocid1.subnet.oc1.uk-london-1.aaaaaaaawf3w372retjcnczmmxpdnrsqq3t7onhwkhjrdvo7rlweyjgpwcsa",
      "type": "string"
    }
  },
  "resources": [
    {
      "module": "module.network",
      "mode": "data",
      "type": "external",
      "name": "my_ip",
      "provider": "provider[\"registry.terraform.io/hashicorp/external\"]",
      "instances": [
        {
          "schema_version": 0,
          "attributes": {
            "id": "-",
            "program": [
              "bash",
              "modules/network/get_my_ip.sh"
            ],
            "query": null,
            "result": {
              "MY_IP": "62.3.76.144"
            },
            "working_dir": null
          },
          "sensitive_attributes": []
        }
      ]
    },
    {
      "module": "module.network",
      "mode": "managed",
      "type": "oci_core_network_security_group",
      "name": "sl_sg",
      "provider": "provider[\"registry.terraform.io/hashicorp/oci\"]",
      "instances": [
        {
          "schema_version": 0,
          "attributes": {
            "compartment_id": "ocid1.tenancy.oc1..aaaaaaaa7ir42cknj7xvbqc77vftjpvx7aavbueua4hzkuaur6wx7lyyvuxq",
            "defined_tags": {
              "Oracle-Tags.CreatedBy": "default/mike@wyss.co.uk",
              "Oracle-Tags.CreatedOn": "2023-11-22T22:55:09.907Z"
            },
            "display_name": "sl_sg",
            "freeform_tags": {},
            "id": "ocid1.networksecuritygroup.oc1.uk-london-1.aaaaaaaazddagnoqmtwwhpfkeeiugpun2x6bsuxediu7u4jqikg2evrimhoq",
            "state": "AVAILABLE",
            "time_created": "2023-11-22 22:55:10.036 +0000 UTC",
            "timeouts": null,
            "vcn_id": "ocid1.vcn.oc1.uk-london-1.amaaaaaaavf7xtyargotom74p2zrdrx3424cqsn33ptvjoysck4ud4ucekrq"
          },
          "sensitive_attributes": [],
          "private": "eyJlMmJmYjczMC1lY2FhLTExZTYtOGY4OC0zNDM2M2JjN2M0YzAiOnsiY3JlYXRlIjoxMjAwMDAwMDAwMDAwLCJkZWxldGUiOjEyMDAwMDAwMDAwMDAsInVwZGF0ZSI6MTIwMDAwMDAwMDAwMH19",
          "dependencies": [
            "module.network.module.vcn.oci_core_vcn.vcn"
          ]
        }
      ]
    },
    {
      "module": "module.network",
      "mode": "managed",
      "type": "oci_core_network_security_group_security_rule",
      "name": "egress_internet",
      "provider": "provider[\"registry.terraform.io/hashicorp/oci\"]",
      "instances": [
        {
          "schema_version": 0,
          "attributes": {
            "description": null,
            "destination": "0.0.0.0/0",
            "destination_type": "CIDR_BLOCK",
            "direction": "EGRESS",
            "icmp_options": [],
            "id": "F9D498",
            "is_valid": true,
            "network_security_group_id": "ocid1.networksecuritygroup.oc1.uk-london-1.aaaaaaaazddagnoqmtwwhpfkeeiugpun2x6bsuxediu7u4jqikg2evrimhoq",
            "protocol": "6",
            "source": null,
            "source_type": "",
            "stateless": false,
            "tcp_options": [
              {
                "destination_port_range": [
                  {
                    "max": 443,
                    "min": 443
                  }
                ],
                "source_port_range": []
              }
            ],
            "time_created": "2023-11-22 22:55:11.219 +0000 UTC",
            "timeouts": null,
            "udp_options": []
          },
          "sensitive_attributes": [],
          "private": "eyJlMmJmYjczMC1lY2FhLTExZTYtOGY4OC0zNDM2M2JjN2M0YzAiOnsiY3JlYXRlIjoxMjAwMDAwMDAwMDAwLCJkZWxldGUiOjEyMDAwMDAwMDAwMDAsInVwZGF0ZSI6MTIwMDAwMDAwMDAwMH19",
          "dependencies": [
            "module.network.module.vcn.oci_core_vcn.vcn",
            "module.network.oci_core_network_security_group.sl_sg"
          ]
        }
      ]
    },
    {
      "module": "module.network",
      "mode": "managed",
      "type": "oci_core_network_security_group_security_rule",
      "name": "egress_port",
      "provider": "provider[\"registry.terraform.io/hashicorp/oci\"]",
      "instances": [
        {
          "schema_version": 0,
          "attributes": {
            "description": null,
            "destination": "0.0.0.0/0",
            "destination_type": "CIDR_BLOCK",
            "direction": "EGRESS",
            "icmp_options": [],
            "id": "670405",
            "is_valid": true,
            "network_security_group_id": "ocid1.networksecuritygroup.oc1.uk-london-1.aaaaaaaazddagnoqmtwwhpfkeeiugpun2x6bsuxediu7u4jqikg2evrimhoq",
            "protocol": "6",
            "source": null,
            "source_type": "",
            "stateless": false,
            "tcp_options": [
              {
                "destination_port_range": [
                  {
                    "max": 5000,
                    "min": 5000
                  }
                ],
                "source_port_range": []
              }
            ],
            "time_created": "2023-11-22 22:55:10.767 +0000 UTC",
            "timeouts": null,
            "udp_options": []
          },
          "sensitive_attributes": [],
          "private": "eyJlMmJmYjczMC1lY2FhLTExZTYtOGY4OC0zNDM2M2JjN2M0YzAiOnsiY3JlYXRlIjoxMjAwMDAwMDAwMDAwLCJkZWxldGUiOjEyMDAwMDAwMDAwMDAsInVwZGF0ZSI6MTIwMDAwMDAwMDAwMH19",
          "dependencies": [
            "module.network.module.vcn.oci_core_vcn.vcn",
            "module.network.oci_core_network_security_group.sl_sg"
          ]
        }
      ]
    },
    {
      "module": "module.network",
      "mode": "managed",
      "type": "oci_core_network_security_group_security_rule",
      "name": "egress_watchtower",
      "provider": "provider[\"registry.terraform.io/hashicorp/oci\"]",
      "instances": [
        {
          "schema_version": 0,
          "attributes": {
            "description": null,
            "destination": "0.0.0.0/0",
            "destination_type": "CIDR_BLOCK",
            "direction": "EGRESS",
            "icmp_options": [],
            "id": "BD9AA0",
            "is_valid": true,
            "network_security_group_id": "ocid1.networksecuritygroup.oc1.uk-london-1.aaaaaaaazddagnoqmtwwhpfkeeiugpun2x6bsuxediu7u4jqikg2evrimhoq",
            "protocol": "6",
            "source": null,
            "source_type": "",
            "stateless": false,
            "tcp_options": [
              {
                "destination_port_range": [
                  {
                    "max": 8080,
                    "min": 8080
                  }
                ],
                "source_port_range": []
              }
            ],
            "time_created": "2023-11-22 22:55:10.674 +0000 UTC",
            "timeouts": null,
            "udp_options": []
          },
          "sensitive_attributes": [],
          "private": "eyJlMmJmYjczMC1lY2FhLTExZTYtOGY4OC0zNDM2M2JjN2M0YzAiOnsiY3JlYXRlIjoxMjAwMDAwMDAwMDAwLCJkZWxldGUiOjEyMDAwMDAwMDAwMDAsInVwZGF0ZSI6MTIwMDAwMDAwMDAwMH19",
          "dependencies": [
            "module.network.module.vcn.oci_core_vcn.vcn",
            "module.network.oci_core_network_security_group.sl_sg"
          ]
        }
      ]
    },
    {
      "module": "module.network",
      "mode": "managed",
      "type": "oci_core_network_security_group_security_rule",
      "name": "ingress_api",
      "provider": "provider[\"registry.terraform.io/hashicorp/oci\"]",
      "instances": [
        {
          "schema_version": 0,
          "attributes": {
            "description": null,
            "destination": null,
            "destination_type": "",
            "direction": "INGRESS",
            "icmp_options": [],
            "id": "1FC0A4",
            "is_valid": true,
            "network_security_group_id": "ocid1.networksecuritygroup.oc1.uk-london-1.aaaaaaaazddagnoqmtwwhpfkeeiugpun2x6bsuxediu7u4jqikg2evrimhoq",
            "protocol": "6",
            "source": "0.0.0.0/0",
            "source_type": "CIDR_BLOCK",
            "stateless": false,
            "tcp_options": [
              {
                "destination_port_range": [
                  {
                    "max": 5000,
                    "min": 5000
                  }
                ],
                "source_port_range": []
              }
            ],
            "time_created": "2023-11-22 22:55:10.59 +0000 UTC",
            "timeouts": null,
            "udp_options": []
          },
          "sensitive_attributes": [],
          "private": "eyJlMmJmYjczMC1lY2FhLTExZTYtOGY4OC0zNDM2M2JjN2M0YzAiOnsiY3JlYXRlIjoxMjAwMDAwMDAwMDAwLCJkZWxldGUiOjEyMDAwMDAwMDAwMDAsInVwZGF0ZSI6MTIwMDAwMDAwMDAwMH19",
          "dependencies": [
            "module.network.module.vcn.oci_core_vcn.vcn",
            "module.network.oci_core_network_security_group.sl_sg"
          ]
        }
      ]
    },
    {
      "module": "module.network",
      "mode": "managed",
      "type": "oci_core_network_security_group_security_rule",
      "name": "ingress_http",
      "provider": "provider[\"registry.terraform.io/hashicorp/oci\"]",
      "instances": [
        {
          "schema_version": 0,
          "attributes": {
            "description": null,
            "destination": null,
            "destination_type": "",
            "direction": "INGRESS",
            "icmp_options": [],
            "id": "F6026F",
            "is_valid": true,
            "network_security_group_id": "ocid1.networksecuritygroup.oc1.uk-london-1.aaaaaaaazddagnoqmtwwhpfkeeiugpun2x6bsuxediu7u4jqikg2evrimhoq",
            "protocol": "6",
            "source": "0.0.0.0/0",
            "source_type": "CIDR_BLOCK",
            "stateless": false,
            "tcp_options": [
              {
                "destination_port_range": [
                  {
                    "max": 80,
                    "min": 80
                  }
                ],
                "source_port_range": []
              }
            ],
            "time_created": "2023-11-22 22:55:11.101 +0000 UTC",
            "timeouts": null,
            "udp_options": []
          },
          "sensitive_attributes": [],
          "private": "eyJlMmJmYjczMC1lY2FhLTExZTYtOGY4OC0zNDM2M2JjN2M0YzAiOnsiY3JlYXRlIjoxMjAwMDAwMDAwMDAwLCJkZWxldGUiOjEyMDAwMDAwMDAwMDAsInVwZGF0ZSI6MTIwMDAwMDAwMDAwMH19",
          "dependencies": [
            "module.network.module.vcn.oci_core_vcn.vcn",
            "module.network.oci_core_network_security_group.sl_sg"
          ]
        }
      ]
    },
    {
      "module": "module.network",
      "mode": "managed",
      "type": "oci_core_network_security_group_security_rule",
      "name": "ingress_https",
      "provider": "provider[\"registry.terraform.io/hashicorp/oci\"]",
      "instances": [
        {
          "schema_version": 0,
          "attributes": {
            "description": null,
            "destination": null,
            "destination_type": "",
            "direction": "INGRESS",
            "icmp_options": [],
            "id": "64F7AD",
            "is_valid": true,
            "network_security_group_id": "ocid1.networksecuritygroup.oc1.uk-london-1.aaaaaaaazddagnoqmtwwhpfkeeiugpun2x6bsuxediu7u4jqikg2evrimhoq",
            "protocol": "6",
            "source": "0.0.0.0/0",
            "source_type": "CIDR_BLOCK",
            "stateless": false,
            "tcp_options": [
              {
                "destination_port_range": [
                  {
                    "max": 443,
                    "min": 443
                  }
                ],
                "source_port_range": []
              }
            ],
            "time_created": "2023-11-22 22:55:10.886 +0000 UTC",
            "timeouts": null,
            "udp_options": []
          },
          "sensitive_attributes": [],
          "private": "eyJlMmJmYjczMC1lY2FhLTExZTYtOGY4OC0zNDM2M2JjN2M0YzAiOnsiY3JlYXRlIjoxMjAwMDAwMDAwMDAwLCJkZWxldGUiOjEyMDAwMDAwMDAwMDAsInVwZGF0ZSI6MTIwMDAwMDAwMDAwMH19",
          "dependencies": [
            "module.network.module.vcn.oci_core_vcn.vcn",
            "module.network.oci_core_network_security_group.sl_sg"
          ]
        }
      ]
    },
    {
      "module": "module.network",
      "mode": "managed",
      "type": "oci_core_network_security_group_security_rule",
      "name": "ingress_ssh",
      "provider": "provider[\"registry.terraform.io/hashicorp/oci\"]",
      "instances": [
        {
          "schema_version": 0,
          "attributes": {
            "description": null,
            "destination": null,
            "destination_type": "",
            "direction": "INGRESS",
            "icmp_options": [],
            "id": "3F8212",
            "is_valid": true,
            "network_security_group_id": "ocid1.networksecuritygroup.oc1.uk-london-1.aaaaaaaazddagnoqmtwwhpfkeeiugpun2x6bsuxediu7u4jqikg2evrimhoq",
            "protocol": "6",
            "source": "62.3.76.144/32",
            "source_type": "CIDR_BLOCK",
            "stateless": false,
            "tcp_options": [
              {
                "destination_port_range": [
                  {
                    "max": 22,
                    "min": 22
                  }
                ],
                "source_port_range": []
              }
            ],
            "time_created": "2023-11-22 22:55:10.475 +0000 UTC",
            "timeouts": null,
            "udp_options": []
          },
          "sensitive_attributes": [],
          "private": "eyJlMmJmYjczMC1lY2FhLTExZTYtOGY4OC0zNDM2M2JjN2M0YzAiOnsiY3JlYXRlIjoxMjAwMDAwMDAwMDAwLCJkZWxldGUiOjEyMDAwMDAwMDAwMDAsInVwZGF0ZSI6MTIwMDAwMDAwMDAwMH19",
          "dependencies": [
            "module.network.data.external.my_ip",
            "module.network.module.vcn.oci_core_vcn.vcn",
            "module.network.oci_core_network_security_group.sl_sg"
          ]
        }
      ]
    },
    {
      "module": "module.network",
      "mode": "managed",
      "type": "oci_core_network_security_group_security_rule",
      "name": "ingress_watchtower",
      "provider": "provider[\"registry.terraform.io/hashicorp/oci\"]",
      "instances": [
        {
          "schema_version": 0,
          "attributes": {
            "description": null,
            "destination": null,
            "destination_type": "",
            "direction": "INGRESS",
            "icmp_options": [],
            "id": "12F478",
            "is_valid": true,
            "network_security_group_id": "ocid1.networksecuritygroup.oc1.uk-london-1.aaaaaaaazddagnoqmtwwhpfkeeiugpun2x6bsuxediu7u4jqikg2evrimhoq",
            "protocol": "6",
            "source": "0.0.0.0/0",
            "source_type": "CIDR_BLOCK",
            "stateless": false,
            "tcp_options": [
              {
                "destination_port_range": [
                  {
                    "max": 8080,
                    "min": 8080
                  }
                ],
                "source_port_range": []
              }
            ],
            "time_created": "2023-11-22 22:55:11.692 +0000 UTC",
            "timeouts": null,
            "udp_options": []
          },
          "sensitive_attributes": [],
          "private": "eyJlMmJmYjczMC1lY2FhLTExZTYtOGY4OC0zNDM2M2JjN2M0YzAiOnsiY3JlYXRlIjoxMjAwMDAwMDAwMDAwLCJkZWxldGUiOjEyMDAwMDAwMDAwMDAsInVwZGF0ZSI6MTIwMDAwMDAwMDAwMH19",
          "dependencies": [
            "module.network.module.vcn.oci_core_vcn.vcn",
            "module.network.oci_core_network_security_group.sl_sg"
          ]
        }
      ]
    },
    {
      "module": "module.network",
      "mode": "managed",
      "type": "oci_core_security_list",
      "name": "sl_security_list",
      "provider": "provider[\"registry.terraform.io/hashicorp/oci\"]",
      "instances": [
        {
          "schema_version": 0,
          "attributes": {
            "compartment_id": "ocid1.tenancy.oc1..aaaaaaaa7ir42cknj7xvbqc77vftjpvx7aavbueua4hzkuaur6wx7lyyvuxq",
            "defined_tags": {
              "Oracle-Tags.CreatedBy": "default/mike@wyss.co.uk",
              "Oracle-Tags.CreatedOn": "2023-11-22T22:55:09.952Z"
            },
            "display_name": "sl_security_list",
            "egress_security_rules": [
              {
                "description": "",
                "destination": "0.0.0.0/0",
                "destination_type": "CIDR_BLOCK",
                "icmp_options": [],
                "protocol": "all",
                "stateless": false,
                "tcp_options": [],
                "udp_options": []
              }
            ],
            "freeform_tags": {},
            "id": "ocid1.securitylist.oc1.uk-london-1.aaaaaaaajrtnex34tsw56epemnym6hzvogouscyd4grhhp2ucjd5bdnnjmca",
            "ingress_security_rules": [
              {
                "description": "",
                "icmp_options": [],
                "protocol": "6",
                "source": "62.3.76.144/32",
                "source_type": "CIDR_BLOCK",
                "stateless": false,
                "tcp_options": [
                  {
                    "max": 22,
                    "min": 22,
                    "source_port_range": []
                  }
                ],
                "udp_options": []
              },
              {
                "description": "",
                "icmp_options": [],
                "protocol": "all",
                "source": "0.0.0.0/0",
                "source_type": "CIDR_BLOCK",
                "stateless": false,
                "tcp_options": [],
                "udp_options": []
              }
            ],
            "state": "AVAILABLE",
            "time_created": "2023-11-22 22:55:09.994 +0000 UTC",
            "timeouts": null,
            "vcn_id": "ocid1.vcn.oc1.uk-london-1.amaaaaaaavf7xtyargotom74p2zrdrx3424cqsn33ptvjoysck4ud4ucekrq"
          },
          "sensitive_attributes": [],
          "private": "eyJlMmJmYjczMC1lY2FhLTExZTYtOGY4OC0zNDM2M2JjN2M0YzAiOnsiY3JlYXRlIjoxMjAwMDAwMDAwMDAwLCJkZWxldGUiOjEyMDAwMDAwMDAwMDAsInVwZGF0ZSI6MTIwMDAwMDAwMDAwMH19",
          "dependencies": [
            "module.network.data.external.my_ip",
            "module.network.module.vcn.oci_core_vcn.vcn"
          ]
        }
      ]
    },
    {
      "module": "module.network",
      "mode": "managed",
      "type": "oci_core_subnet",
      "name": "sl_public",
      "provider": "provider[\"registry.terraform.io/hashicorp/oci\"]",
      "instances": [
        {
          "index_key": 0,
          "schema_version": 0,
          "attributes": {
            "availability_domain": null,
            "cidr_block": "10.0.1.0/24",
            "compartment_id": "ocid1.tenancy.oc1..aaaaaaaa7ir42cknj7xvbqc77vftjpvx7aavbueua4hzkuaur6wx7lyyvuxq",
            "defined_tags": {
              "Oracle-Tags.CreatedBy": "default/mike@wyss.co.uk",
              "Oracle-Tags.CreatedOn": "2023-11-22T22:55:10.846Z"
            },
            "dhcp_options_id": "ocid1.dhcpoptions.oc1.uk-london-1.aaaaaaaapu3gcqcptqrglr6bkpz3mut6vm22gw63e3aamnzuuxdfmxftd6ra",
            "display_name": "subnet20231122225511",
            "dns_label": "sl0",
            "freeform_tags": {
              "CreatedBy": "Terraform"
            },
            "id": "ocid1.subnet.oc1.uk-london-1.aaaaaaaawf3w372retjcnczmmxpdnrsqq3t7onhwkhjrdvo7rlweyjgpwcsa",
            "ipv6cidr_block": null,
            "ipv6cidr_blocks": [],
            "ipv6virtual_router_ip": null,
            "prohibit_internet_ingress": false,
            "prohibit_public_ip_on_vnic": false,
            "route_table_id": "ocid1.routetable.oc1.uk-london-1.aaaaaaaafcensgfbomyqikgmbq2s5yxd2ronojka2v4oagcsj4zulxtczzwa",
            "security_list_ids": [
              "ocid1.securitylist.oc1.uk-london-1.aaaaaaaajrtnex34tsw56epemnym6hzvogouscyd4grhhp2ucjd5bdnnjmca"
            ],
            "state": "AVAILABLE",
            "subnet_domain_name": "sl0.apivcn.oraclevcn.com",
            "time_created": "2023-11-22 22:55:11.176 +0000 UTC",
            "timeouts": null,
            "vcn_id": "ocid1.vcn.oc1.uk-london-1.amaaaaaaavf7xtyargotom74p2zrdrx3424cqsn33ptvjoysck4ud4ucekrq",
            "virtual_router_ip": "10.0.1.1",
            "virtual_router_mac": "00:00:17:36:E1:C0"
          },
          "sensitive_attributes": [],
          "private": "eyJlMmJmYjczMC1lY2FhLTExZTYtOGY4OC0zNDM2M2JjN2M0YzAiOnsiY3JlYXRlIjoxMjAwMDAwMDAwMDAwLCJkZWxldGUiOjEyMDAwMDAwMDAwMDAsInVwZGF0ZSI6MTIwMDAwMDAwMDAwMH19",
          "dependencies": [
            "module.network.data.external.my_ip",
            "module.network.module.vcn.oci_core_internet_gateway.ig",
            "module.network.module.vcn.oci_core_route_table.ig",
            "module.network.module.vcn.oci_core_vcn.vcn",
            "module.network.oci_core_security_list.sl_security_list"
          ]
        },
        {
          "index_key": 1,
          "schema_version": 0,
          "attributes": {
            "availability_domain": null,
            "cidr_block": "10.0.2.0/24",
            "compartment_id": "ocid1.tenancy.oc1..aaaaaaaa7ir42cknj7xvbqc77vftjpvx7aavbueua4hzkuaur6wx7lyyvuxq",
            "defined_tags": {
              "Oracle-Tags.CreatedBy": "default/mike@wyss.co.uk",
              "Oracle-Tags.CreatedOn": "2023-11-22T22:55:10.848Z"
            },
            "dhcp_options_id": "ocid1.dhcpoptions.oc1.uk-london-1.aaaaaaaapu3gcqcptqrglr6bkpz3mut6vm22gw63e3aamnzuuxdfmxftd6ra",
            "display_name": "subnet20231122225510",
            "dns_label": "sl1",
            "freeform_tags": {
              "CreatedBy": "Terraform"
            },
            "id": "ocid1.subnet.oc1.uk-london-1.aaaaaaaauts4xsdgwxz5u5phdfehz54txjql3h2ywajgazzxmhvls2rhrpja",
            "ipv6cidr_block": null,
            "ipv6cidr_blocks": [],
            "ipv6virtual_router_ip": null,
            "prohibit_internet_ingress": false,
            "prohibit_public_ip_on_vnic": false,
            "route_table_id": "ocid1.routetable.oc1.uk-london-1.aaaaaaaafcensgfbomyqikgmbq2s5yxd2ronojka2v4oagcsj4zulxtczzwa",
            "security_list_ids": [
              "ocid1.securitylist.oc1.uk-london-1.aaaaaaaajrtnex34tsw56epemnym6hzvogouscyd4grhhp2ucjd5bdnnjmca"
            ],
            "state": "AVAILABLE",
            "subnet_domain_name": "sl1.apivcn.oraclevcn.com",
            "time_created": "2023-11-22 22:55:10.89 +0000 UTC",
            "timeouts": null,
            "vcn_id": "ocid1.vcn.oc1.uk-london-1.amaaaaaaavf7xtyargotom74p2zrdrx3424cqsn33ptvjoysck4ud4ucekrq",
            "virtual_router_ip": "10.0.2.1",
            "virtual_router_mac": "00:00:17:36:E1:C0"
          },
          "sensitive_attributes": [],
          "private": "eyJlMmJmYjczMC1lY2FhLTExZTYtOGY4OC0zNDM2M2JjN2M0YzAiOnsiY3JlYXRlIjoxMjAwMDAwMDAwMDAwLCJkZWxldGUiOjEyMDAwMDAwMDAwMDAsInVwZGF0ZSI6MTIwMDAwMDAwMDAwMH19",
          "dependencies": [
            "module.network.data.external.my_ip",
            "module.network.module.vcn.oci_core_internet_gateway.ig",
            "module.network.module.vcn.oci_core_route_table.ig",
            "module.network.module.vcn.oci_core_vcn.vcn",
            "module.network.oci_core_security_list.sl_security_list"
          ]
        }
      ]
    },
    {
      "module": "module.network.module.vcn",
      "mode": "managed",
      "type": "oci_core_default_security_list",
      "name": "lockdown",
      "provider": "provider[\"registry.terraform.io/oracle/oci\"]",
      "instances": [
        {
          "index_key": 0,
          "schema_version": 0,
          "attributes": {
            "compartment_id": "ocid1.tenancy.oc1..aaaaaaaa7ir42cknj7xvbqc77vftjpvx7aavbueua4hzkuaur6wx7lyyvuxq",
            "defined_tags": {
              "Oracle-Tags.CreatedBy": "default/mike@wyss.co.uk",
              "Oracle-Tags.CreatedOn": "2023-11-22T22:55:09.066Z"
            },
            "display_name": "Default Security List for sl_vcn",
            "egress_security_rules": [],
            "freeform_tags": {
              "CreatedBy": "Terraform"
            },
            "id": "ocid1.securitylist.oc1.uk-london-1.aaaaaaaa63updmp5eqcnkjm5krsxoj54xruu7gi6xoro5q6maq43kxxpzsfa",
            "ingress_security_rules": [],
            "manage_default_resource_id": "ocid1.securitylist.oc1.uk-london-1.aaaaaaaa63updmp5eqcnkjm5krsxoj54xruu7gi6xoro5q6maq43kxxpzsfa",
            "state": "AVAILABLE",
            "time_created": "2023-11-22 22:55:09.197 +0000 UTC",
            "timeouts": null
          },
          "sensitive_attributes": [],
          "private": "eyJlMmJmYjczMC1lY2FhLTExZTYtOGY4OC0zNDM2M2JjN2M0YzAiOnsiY3JlYXRlIjoxMjAwMDAwMDAwMDAwLCJkZWxldGUiOjEyMDAwMDAwMDAwMDAsInVwZGF0ZSI6MTIwMDAwMDAwMDAwMH19",
          "dependencies": [
            "module.network.module.vcn.oci_core_vcn.vcn"
          ]
        }
      ]
    },
    {
      "module": "module.network.module.vcn",
      "mode": "managed",
      "type": "oci_core_internet_gateway",
      "name": "ig",
      "provider": "provider[\"registry.terraform.io/oracle/oci\"]",
      "instances": [
        {
          "index_key": 0,
          "schema_version": 0,
          "attributes": {
            "compartment_id": "ocid1.tenancy.oc1..aaaaaaaa7ir42cknj7xvbqc77vftjpvx7aavbueua4hzkuaur6wx7lyyvuxq",
            "defined_tags": {
              "Oracle-Tags.CreatedBy": "default/mike@wyss.co.uk",
              "Oracle-Tags.CreatedOn": "2023-11-22T22:55:09.874Z"
            },
            "display_name": "internet-gateway",
            "enabled": true,
            "freeform_tags": {
              "CreatedBy": "Terraform"
            },
            "id": "ocid1.internetgateway.oc1.uk-london-1.aaaaaaaa7dlyab75hccmgkzc4qmhshf2pdaapdrenvqfvaz5ze3eipk7kdiq",
            "route_table_id": null,
            "state": "AVAILABLE",
            "time_created": "2023-11-22 22:55:09.913 +0000 UTC",
            "timeouts": null,
            "vcn_id": "ocid1.vcn.oc1.uk-london-1.amaaaaaaavf7xtyargotom74p2zrdrx3424cqsn33ptvjoysck4ud4ucekrq"
          },
          "sensitive_attributes": [],
          "private": "eyJlMmJmYjczMC1lY2FhLTExZTYtOGY4OC0zNDM2M2JjN2M0YzAiOnsiY3JlYXRlIjoxMjAwMDAwMDAwMDAwLCJkZWxldGUiOjEyMDAwMDAwMDAwMDAsInVwZGF0ZSI6MTIwMDAwMDAwMDAwMH19",
          "dependencies": [
            "module.network.module.vcn.oci_core_vcn.vcn"
          ]
        }
      ]
    },
    {
      "module": "module.network.module.vcn",
      "mode": "managed",
      "type": "oci_core_route_table",
      "name": "ig",
      "provider": "provider[\"registry.terraform.io/oracle/oci\"]",
      "instances": [
        {
          "index_key": 0,
          "schema_version": 0,
          "attributes": {
            "compartment_id": "ocid1.tenancy.oc1..aaaaaaaa7ir42cknj7xvbqc77vftjpvx7aavbueua4hzkuaur6wx7lyyvuxq",
            "defined_tags": {
              "Oracle-Tags.CreatedBy": "default/mike@wyss.co.uk",
              "Oracle-Tags.CreatedOn": "2023-11-22T22:55:10.401Z"
            },
            "display_name": "internet-route",
            "freeform_tags": {
              "CreatedBy": "Terraform"
            },
            "id": "ocid1.routetable.oc1.uk-london-1.aaaaaaaafcensgfbomyqikgmbq2s5yxd2ronojka2v4oagcsj4zulxtczzwa",
            "route_rules": [
              {
                "cidr_block": "",
                "description": "Terraformed - Auto-generated at Internet Gateway creation: Internet Gateway as default gateway",
                "destination": "0.0.0.0/0",
                "destination_type": "CIDR_BLOCK",
                "network_entity_id": "ocid1.internetgateway.oc1.uk-london-1.aaaaaaaa7dlyab75hccmgkzc4qmhshf2pdaapdrenvqfvaz5ze3eipk7kdiq",
                "route_type": ""
              }
            ],
            "state": "AVAILABLE",
            "time_created": "2023-11-22 22:55:10.417 +0000 UTC",
            "timeouts": null,
            "vcn_id": "ocid1.vcn.oc1.uk-london-1.amaaaaaaavf7xtyargotom74p2zrdrx3424cqsn33ptvjoysck4ud4ucekrq"
          },
          "sensitive_attributes": [],
          "private": "eyJlMmJmYjczMC1lY2FhLTExZTYtOGY4OC0zNDM2M2JjN2M0YzAiOnsiY3JlYXRlIjoxMjAwMDAwMDAwMDAwLCJkZWxldGUiOjEyMDAwMDAwMDAwMDAsInVwZGF0ZSI6MTIwMDAwMDAwMDAwMH19",
          "dependencies": [
            "module.network.module.vcn.oci_core_internet_gateway.ig",
            "module.network.module.vcn.oci_core_vcn.vcn"
          ]
        }
      ]
    },
    {
      "module": "module.network.module.vcn",
      "mode": "managed",
      "type": "oci_core_vcn",
      "name": "vcn",
      "provider": "provider[\"registry.terraform.io/oracle/oci\"]",
      "instances": [
        {
          "schema_version": 0,
          "attributes": {
            "byoipv6cidr_blocks": [],
            "byoipv6cidr_details": [],
            "cidr_block": "10.0.0.0/16",
            "cidr_blocks": [
              "10.0.0.0/16"
            ],
            "compartment_id": "ocid1.tenancy.oc1..aaaaaaaa7ir42cknj7xvbqc77vftjpvx7aavbueua4hzkuaur6wx7lyyvuxq",
            "default_dhcp_options_id": "ocid1.dhcpoptions.oc1.uk-london-1.aaaaaaaapu3gcqcptqrglr6bkpz3mut6vm22gw63e3aamnzuuxdfmxftd6ra",
            "default_route_table_id": "ocid1.routetable.oc1.uk-london-1.aaaaaaaa3sm6moxgyiruseywirjflw6javn35xfspvu5zw2buyoelqqn5j6q",
            "default_security_list_id": "ocid1.securitylist.oc1.uk-london-1.aaaaaaaa63updmp5eqcnkjm5krsxoj54xruu7gi6xoro5q6maq43kxxpzsfa",
            "defined_tags": {
              "Oracle-Tags.CreatedBy": "default/mike@wyss.co.uk",
              "Oracle-Tags.CreatedOn": "2023-11-22T22:55:09.066Z"
            },
            "display_name": "sl_vcn",
            "dns_label": "apivcn",
            "freeform_tags": {
              "CreatedBy": "Terraform"
            },
            "id": "ocid1.vcn.oc1.uk-london-1.amaaaaaaavf7xtyargotom74p2zrdrx3424cqsn33ptvjoysck4ud4ucekrq",
            "ipv6cidr_blocks": [],
            "ipv6private_cidr_blocks": [],
            "is_ipv6enabled": false,
            "is_oracle_gua_allocation_enabled": null,
            "state": "AVAILABLE",
            "time_created": "2023-11-22 22:55:09.197 +0000 UTC",
            "timeouts": null,
            "vcn_domain_name": "apivcn.oraclevcn.com"
          },
          "sensitive_attributes": [],
          "private": "eyJlMmJmYjczMC1lY2FhLTExZTYtOGY4OC0zNDM2M2JjN2M0YzAiOnsiY3JlYXRlIjoxMjAwMDAwMDAwMDAwLCJkZWxldGUiOjEyMDAwMDAwMDAwMDAsInVwZGF0ZSI6MTIwMDAwMDAwMDAwMH19"
        }
      ]
    }
  ],
  "check_results": null
}
