{
  "version": 4,
  "terraform_version": "1.6.4",
  "serial": 34,
  "lineage": "87a351b1-0332-3592-dc9e-1cdf3b42794c",
  "outputs": {
    "ads": {
      "value": [
        {
          "compartment_id": "ocid1.tenancy.oc1..aaaaaaaa7ir42cknj7xvbqc77vftjpvx7aavbueua4hzkuaur6wx7lyyvuxq",
          "id": "ocid1.availabilitydomain.oc1..aaaaaaaapjv4p3qtly2fesrig77q4tlmi3wvakeet6fskc7do2fmawz3xctq",
          "name": "bKRu:UK-LONDON-1-AD-1"
        },
        {
          "compartment_id": "ocid1.tenancy.oc1..aaaaaaaa7ir42cknj7xvbqc77vftjpvx7aavbueua4hzkuaur6wx7lyyvuxq",
          "id": "ocid1.availabilitydomain.oc1..aaaaaaaaw2i3i53quioaywmhx56ss5plwk7bmmeg2266lo7inilhbizeroua",
          "name": "bKRu:UK-LONDON-1-AD-2"
        },
        {
          "compartment_id": "ocid1.tenancy.oc1..aaaaaaaa7ir42cknj7xvbqc77vftjpvx7aavbueua4hzkuaur6wx7lyyvuxq",
          "id": "ocid1.availabilitydomain.oc1..aaaaaaaac6kgqnl5eberztbdm2ufhpxohk7cuelajmafpqa3m6rpri4tc2yq",
          "name": "bKRu:UK-LONDON-1-AD-3"
        }
      ],
      "type": [
        "list",
        [
          "object",
          {
            "compartment_id": "string",
            "id": "string",
            "name": "string"
          }
        ]
      ]
    },
    "public_ip": {
      "value": "144.21.60.78",
      "type": "string"
    },
    "subnet_id_1": {
      "value": "ocid1.subnet.oc1.uk-london-1.aaaaaaaawf3w372retjcnczmmxpdnrsqq3t7onhwkhjrdvo7rlweyjgpwcsa",
      "type": "string"
    }
  },
  "resources": [
    {
      "module": "module.compute",
      "mode": "data",
      "type": "oci_core_images",
      "name": "sl_images",
      "provider": "provider[\"registry.terraform.io/hashicorp/oci\"]",
      "instances": [
        {
          "schema_version": 0,
          "attributes": {
            "compartment_id": "ocid1.tenancy.oc1..aaaaaaaa7ir42cknj7xvbqc77vftjpvx7aavbueua4hzkuaur6wx7lyyvuxq",
            "display_name": null,
            "filter": null,
            "id": "CoreImagesDataSource-2119436945",
            "images": [
              {
                "agent_features": [],
                "base_image_id": "",
                "billable_size_in_gbs": "3",
                "compartment_id": "",
                "create_image_allowed": true,
                "defined_tags": {},
                "display_name": "Canonical-Ubuntu-22.04-2023.10.13-0",
                "freeform_tags": {},
                "id": "ocid1.image.oc1.uk-london-1.aaaaaaaanoxok4ypto3xdppngw6jj4km2fpp27snhhotjoybe6bbiizufmlq",
                "image_source_details": [],
                "instance_id": "",
                "launch_mode": "NATIVE",
                "launch_options": [
                  {
                    "boot_volume_type": "PARAVIRTUALIZED",
                    "firmware": "UEFI_64",
                    "is_consistent_volume_naming_enabled": true,
                    "is_pv_encryption_in_transit_enabled": true,
                    "network_type": "PARAVIRTUALIZED",
                    "remote_data_volume_type": "PARAVIRTUALIZED"
                  }
                ],
                "listing_type": "",
                "operating_system": "Canonical Ubuntu",
                "operating_system_version": "22.04",
                "size_in_mbs": "47694",
                "state": "AVAILABLE",
                "time_created": "2023-11-20 06:15:44.907 +0000 UTC"
              },
              {
                "agent_features": [],
                "base_image_id": "",
                "billable_size_in_gbs": "2",
                "compartment_id": "",
                "create_image_allowed": true,
                "defined_tags": {},
                "display_name": "Canonical-Ubuntu-22.04-2023.09.27-0",
                "freeform_tags": {},
                "id": "ocid1.image.oc1.uk-london-1.aaaaaaaadss7wmtwyocobcpmikosddt7bwb6rkvyvua36pvkfig3ezfr2b3a",
                "image_source_details": [],
                "instance_id": "",
                "launch_mode": "NATIVE",
                "launch_options": [
                  {
                    "boot_volume_type": "PARAVIRTUALIZED",
                    "firmware": "UEFI_64",
                    "is_consistent_volume_naming_enabled": true,
                    "is_pv_encryption_in_transit_enabled": true,
                    "network_type": "PARAVIRTUALIZED",
                    "remote_data_volume_type": "PARAVIRTUALIZED"
                  }
                ],
                "listing_type": "",
                "operating_system": "Canonical Ubuntu",
                "operating_system_version": "22.04",
                "size_in_mbs": "47694",
                "state": "AVAILABLE",
                "time_created": "2023-10-06 07:24:06.697 +0000 UTC"
              },
              {
                "agent_features": [],
                "base_image_id": "",
                "billable_size_in_gbs": "2",
                "compartment_id": "",
                "create_image_allowed": true,
                "defined_tags": {},
                "display_name": "Canonical-Ubuntu-22.04-2023.08.28-0",
                "freeform_tags": {},
                "id": "ocid1.image.oc1.uk-london-1.aaaaaaaa3j376n33jzt324jqeev5mefumrmrckn6jztxhn5pn3kqdioo3uyq",
                "image_source_details": [],
                "instance_id": "",
                "launch_mode": "NATIVE",
                "launch_options": [
                  {
                    "boot_volume_type": "PARAVIRTUALIZED",
                    "firmware": "UEFI_64",
                    "is_consistent_volume_naming_enabled": true,
                    "is_pv_encryption_in_transit_enabled": true,
                    "network_type": "PARAVIRTUALIZED",
                    "remote_data_volume_type": "PARAVIRTUALIZED"
                  }
                ],
                "listing_type": "",
                "operating_system": "Canonical Ubuntu",
                "operating_system_version": "22.04",
                "size_in_mbs": "47694",
                "state": "AVAILABLE",
                "time_created": "2023-09-07 10:34:44.31 +0000 UTC"
              }
            ],
            "operating_system": "Canonical Ubuntu",
            "operating_system_version": "22.04",
            "shape": "VM.Standard.E2.1.Micro",
            "sort_by": "TIMECREATED",
            "sort_order": "DESC",
            "state": null
          },
          "sensitive_attributes": []
        }
      ]
    },
    {
      "module": "module.compute",
      "mode": "data",
      "type": "oci_core_private_ips",
      "name": "sl",
      "provider": "provider[\"registry.terraform.io/hashicorp/oci\"]",
      "instances": [
        {
          "index_key": "0",
          "schema_version": 0,
          "attributes": {
            "filter": null,
            "id": "CorePrivateIpsDataSource-2015928170",
            "ip_address": null,
            "private_ips": [
              {
                "availability_domain": "bKRu:UK-LONDON-1-AD-1",
                "compartment_id": "ocid1.tenancy.oc1..aaaaaaaa7ir42cknj7xvbqc77vftjpvx7aavbueua4hzkuaur6wx7lyyvuxq",
                "defined_tags": {
                  "Oracle-Tags.CreatedBy": "default/mike@wyss.co.uk",
                  "Oracle-Tags.CreatedOn": "2023-11-22T23:09:38.822Z"
                },
                "display_name": "sl_instance_1",
                "freeform_tags": {},
                "hostname_label": "sl-instance-1",
                "id": "ocid1.privateip.oc1.uk-london-1.abwgiljt26e44npcubswdcqadurrgoec5vjkggxbe65niohsfukhkzjo4pmq",
                "ip_address": "10.0.1.11",
                "is_primary": true,
                "is_reserved": false,
                "subnet_id": "ocid1.subnet.oc1.uk-london-1.aaaaaaaawf3w372retjcnczmmxpdnrsqq3t7onhwkhjrdvo7rlweyjgpwcsa",
                "time_created": "2023-11-22 23:09:44.909 +0000 UTC",
                "vlan_id": "",
                "vnic_id": "ocid1.vnic.oc1.uk-london-1.abwgiljt4hzcpql2rns3of4zmgfemnjanlg745hjq6dcwejdxkckzdqx6yva"
              }
            ],
            "subnet_id": "ocid1.subnet.oc1.uk-london-1.aaaaaaaawf3w372retjcnczmmxpdnrsqq3t7onhwkhjrdvo7rlweyjgpwcsa",
            "vlan_id": null,
            "vnic_id": null
          },
          "sensitive_attributes": []
        }
      ]
    },
    {
      "module": "module.compute",
      "mode": "data",
      "type": "oci_identity_availability_domains",
      "name": "ad",
      "provider": "provider[\"registry.terraform.io/hashicorp/oci\"]",
      "instances": [
        {
          "schema_version": 0,
          "attributes": {
            "availability_domains": [
              {
                "compartment_id": "ocid1.tenancy.oc1..aaaaaaaa7ir42cknj7xvbqc77vftjpvx7aavbueua4hzkuaur6wx7lyyvuxq",
                "id": "ocid1.availabilitydomain.oc1..aaaaaaaapjv4p3qtly2fesrig77q4tlmi3wvakeet6fskc7do2fmawz3xctq",
                "name": "bKRu:UK-LONDON-1-AD-1"
              },
              {
                "compartment_id": "ocid1.tenancy.oc1..aaaaaaaa7ir42cknj7xvbqc77vftjpvx7aavbueua4hzkuaur6wx7lyyvuxq",
                "id": "ocid1.availabilitydomain.oc1..aaaaaaaaw2i3i53quioaywmhx56ss5plwk7bmmeg2266lo7inilhbizeroua",
                "name": "bKRu:UK-LONDON-1-AD-2"
              },
              {
                "compartment_id": "ocid1.tenancy.oc1..aaaaaaaa7ir42cknj7xvbqc77vftjpvx7aavbueua4hzkuaur6wx7lyyvuxq",
                "id": "ocid1.availabilitydomain.oc1..aaaaaaaac6kgqnl5eberztbdm2ufhpxohk7cuelajmafpqa3m6rpri4tc2yq",
                "name": "bKRu:UK-LONDON-1-AD-3"
              }
            ],
            "compartment_id": "ocid1.tenancy.oc1..aaaaaaaa7ir42cknj7xvbqc77vftjpvx7aavbueua4hzkuaur6wx7lyyvuxq",
            "filter": null,
            "id": "IdentityAvailabilityDomainsDataSource-833945507"
          },
          "sensitive_attributes": []
        }
      ]
    },
    {
      "module": "module.compute",
      "mode": "data",
      "type": "template_file",
      "name": "ad_names",
      "provider": "provider[\"registry.terraform.io/hashicorp/template\"]",
      "instances": [
        {
          "index_key": 0,
          "schema_version": 0,
          "attributes": {
            "filename": null,
            "id": "2d15789160306cb7e376b476b06e93b2baf6503721f088d4fa1a9700ddb46f37",
            "rendered": "bKRu:UK-LONDON-1-AD-1",
            "template": "bKRu:UK-LONDON-1-AD-1",
            "vars": null
          },
          "sensitive_attributes": []
        },
        {
          "index_key": 1,
          "schema_version": 0,
          "attributes": {
            "filename": null,
            "id": "567785060efc42683629883382163d576be55243bced995d6b71b3d1e8866247",
            "rendered": "bKRu:UK-LONDON-1-AD-2",
            "template": "bKRu:UK-LONDON-1-AD-2",
            "vars": null
          },
          "sensitive_attributes": []
        },
        {
          "index_key": 2,
          "schema_version": 0,
          "attributes": {
            "filename": null,
            "id": "2ef06edc6bb2c11aa9431b5c6c75946e477c3a8d0a8d3ffc7c0e3b16d49bce45",
            "rendered": "bKRu:UK-LONDON-1-AD-3",
            "template": "bKRu:UK-LONDON-1-AD-3",
            "vars": null
          },
          "sensitive_attributes": []
        }
      ]
    },
    {
      "module": "module.compute",
      "mode": "managed",
      "type": "oci_core_instance",
      "name": "sl_instance",
      "provider": "provider[\"registry.terraform.io/hashicorp/oci\"]",
      "instances": [
        {
          "index_key": "0",
          "schema_version": 0,
          "attributes": {
            "agent_config": [
              {
                "are_all_plugins_disabled": false,
                "is_management_disabled": false,
                "is_monitoring_disabled": false,
                "plugins_config": []
              }
            ],
            "async": null,
            "availability_config": [
              {
                "is_live_migration_preferred": false,
                "recovery_action": "RESTORE_INSTANCE"
              }
            ],
            "availability_domain": "bKRu:UK-LONDON-1-AD-1",
            "boot_volume_id": "ocid1.bootvolume.oc1.uk-london-1.abwgiljt2bi6spqebljcwmuhpv2q4xyyoldlnf45gbktua66rpihwvqh3gsq",
            "capacity_reservation_id": null,
            "compartment_id": "ocid1.tenancy.oc1..aaaaaaaa7ir42cknj7xvbqc77vftjpvx7aavbueua4hzkuaur6wx7lyyvuxq",
            "compute_cluster_id": null,
            "create_vnic_details": [
              {
                "assign_ipv6ip": false,
                "assign_private_dns_record": false,
                "assign_public_ip": "false",
                "defined_tags": {
                  "Oracle-Tags.CreatedBy": "default/mike@wyss.co.uk",
                  "Oracle-Tags.CreatedOn": "2023-11-22T23:09:38.822Z"
                },
                "display_name": "sl_instance_1",
                "freeform_tags": {},
                "hostname_label": "sl-instance-1",
                "ipv6address_ipv6subnet_cidr_pair_details": [],
                "nsg_ids": [
                  "ocid1.networksecuritygroup.oc1.uk-london-1.aaaaaaaazddagnoqmtwwhpfkeeiugpun2x6bsuxediu7u4jqikg2evrimhoq"
                ],
                "private_ip": "10.0.1.11",
                "skip_source_dest_check": false,
                "subnet_id": "ocid1.subnet.oc1.uk-london-1.aaaaaaaawf3w372retjcnczmmxpdnrsqq3t7onhwkhjrdvo7rlweyjgpwcsa",
                "vlan_id": ""
              }
            ],
            "dedicated_vm_host_id": null,
            "defined_tags": {
              "Oracle-Tags.CreatedBy": "default/mike@wyss.co.uk",
              "Oracle-Tags.CreatedOn": "2023-11-22T23:09:38.719Z"
            },
            "display_name": "sl_instance_1",
            "extended_metadata": {},
            "fault_domain": "FAULT-DOMAIN-3",
            "freeform_tags": {},
            "hostname_label": "sl-instance-1",
            "id": "ocid1.instance.oc1.uk-london-1.anwgiljtavf7xtycsbywuwswjaj4e5nxjvzff66z7425vn5cih36bsd62g6q",
            "image": "ocid1.image.oc1.uk-london-1.aaaaaaaanoxok4ypto3xdppngw6jj4km2fpp27snhhotjoybe6bbiizufmlq",
            "instance_configuration_id": null,
            "instance_options": [
              {
                "are_legacy_imds_endpoints_disabled": false
              }
            ],
            "ipxe_script": null,
            "is_cross_numa_node": false,
            "is_pv_encryption_in_transit_enabled": null,
            "launch_mode": "PARAVIRTUALIZED",
            "launch_options": [
              {
                "boot_volume_type": "PARAVIRTUALIZED",
                "firmware": "UEFI_64",
                "is_consistent_volume_naming_enabled": true,
                "is_pv_encryption_in_transit_enabled": false,
                "network_type": "PARAVIRTUALIZED",
                "remote_data_volume_type": "PARAVIRTUALIZED"
              }
            ],
            "metadata": {
              "ssh_authorized_keys": "ssh-rsa AAAAB3NzaC1yc2EAAAADAQABAAACAQDNhWRY2zbzVkaMpRM7z1WugVDqfeXBRXXVn7XOqo204RVbtDZeeFN7XCGOJ8TU3d+aJQTWYE2gRsFJnVtT7P43DIExDU2DeIaOAdGCuR9RGD7pTwUMcZXmmJszOt8LZSlQgtTisOYju3CkEmal//yKUAAXXpv09ovJrl6pUg6Pd2eQ+CCLqcW7y5y0hm3GEQW3pqDpi8LDUA2Z2NMFOTCYTezvJ9LeXZAsYdCYmNtuvLgPFIjWAXRgCOqViNMEn9re6XIlXrN50i7uKlNjN/bhWmsNF6Qf2ulgnD3yfVqYFzyoYM4M5nVillPOxEEzxdofqZFAxPS+QlhotKMJopBxfdJiVvfBbkeizUAdcBCsobog06g5dPrqOcBHP27l5b/MxWDWDgpYT0+b8Ks187TtN9yr1qyCsxy4mtOFrXCoexgfipo2+KKyT1iLlN/kybKwJj9/kFqDU57foYn9GBsHsk36Y9WeCf5WiwofuMDxrWzHVEMIEPfLdveD2fErcfnSEDhLipGp0qjfZRAvhbfAqtOKp4K0/mAUbgVgXe/vCAuNUlItlqX4fS0MQxcLdBWCgYK5DcYsvFicVKF4lKKvWmWqe/aKtrckgODKt0G/7iyHlDfg/F77aka02CRuqL8dzvJg6aiLAUQugXT/dKeuhnO8Sv30tTNa8NI6DUCc7w== mike@mikewyss\n",
              "user_data": "IyEgL2Jpbi9iYXNoCnN1ZG8gYXB0IHVwZGF0ZQpzdWRvIGFwdCBpbnN0YWxsIHB5dGhvbjMtcGlwIHB5dGhvbjMtZGV2IGxpYnBxLWRldiBwb3N0Z3Jlc3FsIHBvc3RncmVzcWwtY29udHJpYgpzdWRvIC11IHBvc3RncmVzIHBzcWwKCkNSRUFURSBEQVRBQkFTRSBzaG9wcGluZ19saXN0OwpDUkVBVEUgVVNFUiBtYXN0ZXIgV0lUSCBQQVNTV09SRCBwYXNzd29yZDsKR1JBTlQgQUxMIFBSSVZJTEVHRVMgT04gREFUQUJBU0Ugc2hvcHBpbmdfbGlzdCBUTyBtYXN0ZXI7CgpccQoKc3VkbyBuYW5vIC9ldGMvcG9zdGdyZXNxbC8xNC9tYWluL3Bvc3RncmVzcWwuY29uZgoKc3VkbyBuYW5vIC9ldGMvcG9zdGdyZXNxbC8xNC9tYWluL3BnX2hiYS5jb25mCgpzdWRvIGFwdC1nZXQgaW5zdGFsbCBpcHRhYmxlcy1wZXJzaXN0ZW50CnN1ZG8gaXB0YWJsZXMgLUkgSU5QVVQgNSAtcCB0Y3Ag4oCUIGRwb3J0IDU0MzIgLW0gY29ubnRyYWNrIOKAlCBjdHN0YXRlIE5FVyxFU1RBQkxJU0hFRCAtaiBBQ0NFUFQKc3VkbyBuZXRmaWx0ZXItcGVyc2lzdGVudCBzYXZlCgpzdWRvIHN5c3RlbWN0bCByZXN0YXJ0IHBvc3RncmVzcWwgCnN1ZG8gc3lzdGVtY3RsIHN0YXR1cyBwb3N0Z3Jlc3FsCgpjdXJsIC1mc1NMIGh0dHBzOi8vZ2V0LmRvY2tlci5jb20gLW8gZ2V0LWRvY2tlci5zaApzdWRvIHNoIGdldC1kb2NrZXIuc2gKCnN1ZG8gc3lzdGVtY3RsIGVuYWJsZSBkb2NrZXIuc2VydmljZQpzdWRvIHN5c3RlbWN0bCBlbmFibGUgY29udGFpbmVyZC5zZXJ2aWNlCgpzdWRvIGRvY2tlciBsb2dpbiAtdSBtd3lzc3kgLXAgRXZVZVFrJXA3ODI0CnN1ZG8gZG9ja2VyIHB1bGwgbXd5c3N5L3NsLWJlOmxhdGVzdAoKbWtkaXIgLXAgfi8uZG9ja2VyL2NsaS1wbHVnaW5zLwpjdXJsIC1TTCBodHRwczovL2dpdGh1Yi5jb20vZG9ja2VyL2NvbXBvc2UvcmVsZWFzZXMvZG93bmxvYWQvdjIuMy4zL2RvY2tlci1jb21wb3NlLWxpbnV4LXg4Nl82NCAtbyB+Ly5kb2NrZXIvY2xpLXBsdWdpbnMvZG9ja2VyLWNvbXBvc2UKY2htb2QgK3ggfi8uZG9ja2VyL2NsaS1wbHVnaW5zL2RvY2tlci1jb21wb3NlCgplY2hvICIgIAp2ZXJzaW9uOiBcIjNcIgpzZXJ2aWNlczoKICBzbC1iZToKICAgIGltYWdlOiBtd3lzc3kvc2wtYmU6bGF0ZXN0CiAgICBjb250YWluZXJfbmFtZTogc2wtYmUKICAgIGVudmlyb25tZW50OgogICAgICAtIE9DSV9VU0VSPW9jaWQxLnVzZXIub2MxLi5hYWFhYWFhYWZvcDd6aHJia2ticDMybDQzZWR1aWJvZmppd2g1aHg1YWxheXB6aHZyYnlmdzNyaDNxM2EKICAgICAgLSBPQ0lfRklOR0VSUFJJTlQ9NWQ6ZDU6OWI6OGI6Yjg6YmU6OGE6NzI6ZmQ6Yjk6ZDY6ZjM6YWE6Mzg6ODE6YzcKICAgICAgLSBPQ0lfVEVOQU5DWT1vY2lkMS50ZW5hbmN5Lm9jMS4uYWFhYWFhYWE3aXI0MmNrbmo3eHZicWM3N3ZmdGpwdng3YWF2YnVldWE0aHprdWF1cjZ3eDdseXl2dXhxCiAgICAgIC0gT0NJX1JFR0lPTj11ay1sb25kb24tMQogICAgcG9ydHM6CiAgICAgIC0gIjkwOTA6OTA5MCIKICAgIHJlc3RhcnQ6IGFsd2F5cwoKCiIgPiBkb2NrZXItY29tcG9zZS55bWwKCnN1ZG8gZG9ja2VyIGNvbXBvc2UgdXAgLWQ="
            },
            "platform_config": [],
            "preemptible_instance_config": [],
            "preserve_boot_volume": null,
            "private_ip": "10.0.1.11",
            "public_ip": "",
            "region": "uk-london-1",
            "shape": "VM.Standard.E2.1.Micro",
            "shape_config": [
              {
                "baseline_ocpu_utilization": "",
                "gpu_description": "",
                "gpus": 0,
                "local_disk_description": "",
                "local_disks": 0,
                "local_disks_total_size_in_gbs": 0,
                "max_vnic_attachments": 1,
                "memory_in_gbs": 1,
                "networking_bandwidth_in_gbps": 0.47999998927116394,
                "nvmes": 0,
                "ocpus": 1,
                "processor_description": "2.0 GHz AMD EPYC™ 7551 (Naples)",
                "vcpus": 2
              }
            ],
            "source_details": [
              {
                "boot_volume_size_in_gbs": "47",
                "boot_volume_vpus_per_gb": "10",
                "instance_source_image_filter_details": [],
                "kms_key_id": "",
                "source_id": "ocid1.image.oc1.uk-london-1.aaaaaaaanoxok4ypto3xdppngw6jj4km2fpp27snhhotjoybe6bbiizufmlq",
                "source_type": "image"
              }
            ],
            "state": "RUNNING",
            "subnet_id": "ocid1.subnet.oc1.uk-london-1.aaaaaaaawf3w372retjcnczmmxpdnrsqq3t7onhwkhjrdvo7rlweyjgpwcsa",
            "system_tags": {
              "orcl-cloud.free-tier-retained": "true"
            },
            "time_created": "2023-11-22 23:09:39.352 +0000 UTC",
            "time_maintenance_reboot_due": "",
            "timeouts": null,
            "update_operation_constraint": null
          },
          "sensitive_attributes": [],
          "private": "eyJlMmJmYjczMC1lY2FhLTExZTYtOGY4OC0zNDM2M2JjN2M0YzAiOnsiY3JlYXRlIjoyNzAwMDAwMDAwMDAwLCJkZWxldGUiOjQ1MDAwMDAwMDAwMDAsInVwZGF0ZSI6MjcwMDAwMDAwMDAwMH19",
          "dependencies": [
            "module.compute.data.oci_core_images.sl_images",
            "module.compute.data.oci_identity_availability_domains.ad",
            "module.compute.data.template_file.ad_names",
            "module.network.data.external.my_ip",
            "module.network.module.vcn.data.oci_core_services.all_oci_services",
            "module.network.module.vcn.module.subnet.data.oci_core_dhcp_options.dhcp_options",
            "module.network.module.vcn.module.subnet.oci_core_subnet.vcn_subnet",
            "module.network.module.vcn.oci_core_default_security_list.lockdown",
            "module.network.module.vcn.oci_core_default_security_list.restore_default",
            "module.network.module.vcn.oci_core_internet_gateway.ig",
            "module.network.module.vcn.oci_core_local_peering_gateway.lpg",
            "module.network.module.vcn.oci_core_nat_gateway.nat_gateway",
            "module.network.module.vcn.oci_core_route_table.ig",
            "module.network.module.vcn.oci_core_route_table.nat",
            "module.network.module.vcn.oci_core_route_table.service_gw",
            "module.network.module.vcn.oci_core_service_gateway.service_gateway",
            "module.network.module.vcn.oci_core_vcn.vcn",
            "module.network.oci_core_network_security_group.sl_sg",
            "module.network.oci_core_network_security_group_security_rule.egress_internet",
            "module.network.oci_core_network_security_group_security_rule.egress_port",
            "module.network.oci_core_network_security_group_security_rule.egress_watchtower",
            "module.network.oci_core_network_security_group_security_rule.ingress_api",
            "module.network.oci_core_network_security_group_security_rule.ingress_http",
            "module.network.oci_core_network_security_group_security_rule.ingress_https",
            "module.network.oci_core_network_security_group_security_rule.ingress_ssh",
            "module.network.oci_core_network_security_group_security_rule.ingress_watchtower",
            "module.network.oci_core_security_list.sl_security_list",
            "module.network.oci_core_subnet.sl_public"
          ]
        }
      ]
    },
    {
      "module": "module.compute",
      "mode": "managed",
      "type": "oci_core_public_ip",
      "name": "sl_ip",
      "provider": "provider[\"registry.terraform.io/hashicorp/oci\"]",
      "instances": [
        {
          "index_key": "0",
          "schema_version": 0,
          "attributes": {
            "assigned_entity_id": "ocid1.privateip.oc1.uk-london-1.abwgiljt26e44npcubswdcqadurrgoec5vjkggxbe65niohsfukhkzjo4pmq",
            "assigned_entity_type": "PRIVATE_IP",
            "availability_domain": null,
            "compartment_id": "ocid1.tenancy.oc1..aaaaaaaa7ir42cknj7xvbqc77vftjpvx7aavbueua4hzkuaur6wx7lyyvuxq",
            "defined_tags": {
              "Oracle-Tags.CreatedBy": "default/mike@wyss.co.uk",
              "Oracle-Tags.CreatedOn": "2023-11-22T23:10:13.629Z"
            },
            "display_name": "publicip20231122231013",
            "freeform_tags": {},
            "id": "ocid1.publicip.oc1.uk-london-1.amaaaaaaavf7xtyagky4m6tvzwxhvxjglcauqqyorp3jngeessfihyi23mea",
            "ip_address": "144.21.60.78",
            "lifetime": "RESERVED",
            "private_ip_id": "ocid1.privateip.oc1.uk-london-1.abwgiljt26e44npcubswdcqadurrgoec5vjkggxbe65niohsfukhkzjo4pmq",
            "public_ip_pool_id": null,
            "scope": "REGION",
            "state": "ASSIGNED",
            "time_created": "2023-11-22 23:10:13.845 +0000 UTC",
            "timeouts": null
          },
          "sensitive_attributes": [],
          "private": "eyJlMmJmYjczMC1lY2FhLTExZTYtOGY4OC0zNDM2M2JjN2M0YzAiOnsiY3JlYXRlIjoxMjAwMDAwMDAwMDAwLCJkZWxldGUiOjEyMDAwMDAwMDAwMDAsInVwZGF0ZSI6MTIwMDAwMDAwMDAwMH19",
          "dependencies": [
            "module.compute.data.oci_core_images.sl_images",
            "module.compute.data.oci_core_private_ips.sl",
            "module.compute.data.oci_identity_availability_domains.ad",
            "module.compute.data.template_file.ad_names",
            "module.compute.oci_core_instance.sl_instance",
            "module.network.data.external.my_ip",
            "module.network.module.vcn.data.oci_core_services.all_oci_services",
            "module.network.module.vcn.module.subnet.data.oci_core_dhcp_options.dhcp_options",
            "module.network.module.vcn.module.subnet.oci_core_subnet.vcn_subnet",
            "module.network.module.vcn.oci_core_default_security_list.lockdown",
            "module.network.module.vcn.oci_core_default_security_list.restore_default",
            "module.network.module.vcn.oci_core_internet_gateway.ig",
            "module.network.module.vcn.oci_core_local_peering_gateway.lpg",
            "module.network.module.vcn.oci_core_nat_gateway.nat_gateway",
            "module.network.module.vcn.oci_core_route_table.ig",
            "module.network.module.vcn.oci_core_route_table.nat",
            "module.network.module.vcn.oci_core_route_table.service_gw",
            "module.network.module.vcn.oci_core_service_gateway.service_gateway",
            "module.network.module.vcn.oci_core_vcn.vcn",
            "module.network.oci_core_network_security_group.sl_sg",
            "module.network.oci_core_network_security_group_security_rule.egress_internet",
            "module.network.oci_core_network_security_group_security_rule.egress_port",
            "module.network.oci_core_network_security_group_security_rule.egress_watchtower",
            "module.network.oci_core_network_security_group_security_rule.ingress_api",
            "module.network.oci_core_network_security_group_security_rule.ingress_http",
            "module.network.oci_core_network_security_group_security_rule.ingress_https",
            "module.network.oci_core_network_security_group_security_rule.ingress_ssh",
            "module.network.oci_core_network_security_group_security_rule.ingress_watchtower",
            "module.network.oci_core_security_list.sl_security_list",
            "module.network.oci_core_subnet.sl_public"
          ]
        }
      ]
    },
    {
      "module": "module.network",
      "mode": "data",
      "type": "external",
      "name": "my_ip",
      "provider": "provider[\"registry.terraform.io/hashicorp/external\"]",
      "instances": [
        {
          "schema_version": 0,
          "attributes": {
            "id": "-",
            "program": [
              "bash",
              "modules/network/get_my_ip.sh"
            ],
            "query": null,
            "result": {
              "MY_IP": "62.3.76.144"
            },
            "working_dir": null
          },
          "sensitive_attributes": []
        }
      ]
    },
    {
      "module": "module.network",
      "mode": "managed",
      "type": "oci_core_network_security_group",
      "name": "sl_sg",
      "provider": "provider[\"registry.terraform.io/hashicorp/oci\"]",
      "instances": [
        {
          "schema_version": 0,
          "attributes": {
            "compartment_id": "ocid1.tenancy.oc1..aaaaaaaa7ir42cknj7xvbqc77vftjpvx7aavbueua4hzkuaur6wx7lyyvuxq",
            "defined_tags": {
              "Oracle-Tags.CreatedBy": "default/mike@wyss.co.uk",
              "Oracle-Tags.CreatedOn": "2023-11-22T22:55:09.907Z"
            },
            "display_name": "sl_sg",
            "freeform_tags": {},
            "id": "ocid1.networksecuritygroup.oc1.uk-london-1.aaaaaaaazddagnoqmtwwhpfkeeiugpun2x6bsuxediu7u4jqikg2evrimhoq",
            "state": "AVAILABLE",
            "time_created": "2023-11-22 22:55:10.036 +0000 UTC",
            "timeouts": null,
            "vcn_id": "ocid1.vcn.oc1.uk-london-1.amaaaaaaavf7xtyargotom74p2zrdrx3424cqsn33ptvjoysck4ud4ucekrq"
          },
          "sensitive_attributes": [],
          "private": "eyJlMmJmYjczMC1lY2FhLTExZTYtOGY4OC0zNDM2M2JjN2M0YzAiOnsiY3JlYXRlIjoxMjAwMDAwMDAwMDAwLCJkZWxldGUiOjEyMDAwMDAwMDAwMDAsInVwZGF0ZSI6MTIwMDAwMDAwMDAwMH19",
          "dependencies": [
            "module.network.module.vcn.oci_core_vcn.vcn"
          ]
        }
      ]
    },
    {
      "module": "module.network",
      "mode": "managed",
      "type": "oci_core_network_security_group_security_rule",
      "name": "egress_internet",
      "provider": "provider[\"registry.terraform.io/hashicorp/oci\"]",
      "instances": [
        {
          "schema_version": 0,
          "attributes": {
            "description": null,
            "destination": "0.0.0.0/0",
            "destination_type": "CIDR_BLOCK",
            "direction": "EGRESS",
            "icmp_options": [],
            "id": "F9D498",
            "is_valid": true,
            "network_security_group_id": "ocid1.networksecuritygroup.oc1.uk-london-1.aaaaaaaazddagnoqmtwwhpfkeeiugpun2x6bsuxediu7u4jqikg2evrimhoq",
            "protocol": "6",
            "source": null,
            "source_type": "",
            "stateless": false,
            "tcp_options": [
              {
                "destination_port_range": [
                  {
                    "max": 443,
                    "min": 443
                  }
                ],
                "source_port_range": []
              }
            ],
            "time_created": "2023-11-22 22:55:11.219 +0000 UTC",
            "timeouts": null,
            "udp_options": []
          },
          "sensitive_attributes": [],
          "private": "eyJlMmJmYjczMC1lY2FhLTExZTYtOGY4OC0zNDM2M2JjN2M0YzAiOnsiY3JlYXRlIjoxMjAwMDAwMDAwMDAwLCJkZWxldGUiOjEyMDAwMDAwMDAwMDAsInVwZGF0ZSI6MTIwMDAwMDAwMDAwMH19",
          "dependencies": [
            "module.network.module.vcn.oci_core_vcn.vcn",
            "module.network.oci_core_network_security_group.sl_sg"
          ]
        }
      ]
    },
    {
      "module": "module.network",
      "mode": "managed",
      "type": "oci_core_network_security_group_security_rule",
      "name": "egress_port",
      "provider": "provider[\"registry.terraform.io/hashicorp/oci\"]",
      "instances": [
        {
          "schema_version": 0,
          "attributes": {
            "description": null,
            "destination": "0.0.0.0/0",
            "destination_type": "CIDR_BLOCK",
            "direction": "EGRESS",
            "icmp_options": [],
            "id": "670405",
            "is_valid": true,
            "network_security_group_id": "ocid1.networksecuritygroup.oc1.uk-london-1.aaaaaaaazddagnoqmtwwhpfkeeiugpun2x6bsuxediu7u4jqikg2evrimhoq",
            "protocol": "6",
            "source": null,
            "source_type": "",
            "stateless": false,
            "tcp_options": [
              {
                "destination_port_range": [
                  {
                    "max": 5000,
                    "min": 5000
                  }
                ],
                "source_port_range": []
              }
            ],
            "time_created": "2023-11-22 22:55:10.767 +0000 UTC",
            "timeouts": null,
            "udp_options": []
          },
          "sensitive_attributes": [],
          "private": "eyJlMmJmYjczMC1lY2FhLTExZTYtOGY4OC0zNDM2M2JjN2M0YzAiOnsiY3JlYXRlIjoxMjAwMDAwMDAwMDAwLCJkZWxldGUiOjEyMDAwMDAwMDAwMDAsInVwZGF0ZSI6MTIwMDAwMDAwMDAwMH19",
          "dependencies": [
            "module.network.module.vcn.oci_core_vcn.vcn",
            "module.network.oci_core_network_security_group.sl_sg"
          ]
        }
      ]
    },
    {
      "module": "module.network",
      "mode": "managed",
      "type": "oci_core_network_security_group_security_rule",
      "name": "egress_watchtower",
      "provider": "provider[\"registry.terraform.io/hashicorp/oci\"]",
      "instances": [
        {
          "schema_version": 0,
          "attributes": {
            "description": null,
            "destination": "0.0.0.0/0",
            "destination_type": "CIDR_BLOCK",
            "direction": "EGRESS",
            "icmp_options": [],
            "id": "BD9AA0",
            "is_valid": true,
            "network_security_group_id": "ocid1.networksecuritygroup.oc1.uk-london-1.aaaaaaaazddagnoqmtwwhpfkeeiugpun2x6bsuxediu7u4jqikg2evrimhoq",
            "protocol": "6",
            "source": null,
            "source_type": "",
            "stateless": false,
            "tcp_options": [
              {
                "destination_port_range": [
                  {
                    "max": 8080,
                    "min": 8080
                  }
                ],
                "source_port_range": []
              }
            ],
            "time_created": "2023-11-22 22:55:10.674 +0000 UTC",
            "timeouts": null,
            "udp_options": []
          },
          "sensitive_attributes": [],
          "private": "eyJlMmJmYjczMC1lY2FhLTExZTYtOGY4OC0zNDM2M2JjN2M0YzAiOnsiY3JlYXRlIjoxMjAwMDAwMDAwMDAwLCJkZWxldGUiOjEyMDAwMDAwMDAwMDAsInVwZGF0ZSI6MTIwMDAwMDAwMDAwMH19",
          "dependencies": [
            "module.network.module.vcn.oci_core_vcn.vcn",
            "module.network.oci_core_network_security_group.sl_sg"
          ]
        }
      ]
    },
    {
      "module": "module.network",
      "mode": "managed",
      "type": "oci_core_network_security_group_security_rule",
      "name": "ingress_api",
      "provider": "provider[\"registry.terraform.io/hashicorp/oci\"]",
      "instances": [
        {
          "schema_version": 0,
          "attributes": {
            "description": null,
            "destination": null,
            "destination_type": "",
            "direction": "INGRESS",
            "icmp_options": [],
            "id": "1FC0A4",
            "is_valid": true,
            "network_security_group_id": "ocid1.networksecuritygroup.oc1.uk-london-1.aaaaaaaazddagnoqmtwwhpfkeeiugpun2x6bsuxediu7u4jqikg2evrimhoq",
            "protocol": "6",
            "source": "0.0.0.0/0",
            "source_type": "CIDR_BLOCK",
            "stateless": false,
            "tcp_options": [
              {
                "destination_port_range": [
                  {
                    "max": 5000,
                    "min": 5000
                  }
                ],
                "source_port_range": []
              }
            ],
            "time_created": "2023-11-22 22:55:10.59 +0000 UTC",
            "timeouts": null,
            "udp_options": []
          },
          "sensitive_attributes": [],
          "private": "eyJlMmJmYjczMC1lY2FhLTExZTYtOGY4OC0zNDM2M2JjN2M0YzAiOnsiY3JlYXRlIjoxMjAwMDAwMDAwMDAwLCJkZWxldGUiOjEyMDAwMDAwMDAwMDAsInVwZGF0ZSI6MTIwMDAwMDAwMDAwMH19",
          "dependencies": [
            "module.network.module.vcn.oci_core_vcn.vcn",
            "module.network.oci_core_network_security_group.sl_sg"
          ]
        }
      ]
    },
    {
      "module": "module.network",
      "mode": "managed",
      "type": "oci_core_network_security_group_security_rule",
      "name": "ingress_http",
      "provider": "provider[\"registry.terraform.io/hashicorp/oci\"]",
      "instances": [
        {
          "schema_version": 0,
          "attributes": {
            "description": null,
            "destination": null,
            "destination_type": "",
            "direction": "INGRESS",
            "icmp_options": [],
            "id": "F6026F",
            "is_valid": true,
            "network_security_group_id": "ocid1.networksecuritygroup.oc1.uk-london-1.aaaaaaaazddagnoqmtwwhpfkeeiugpun2x6bsuxediu7u4jqikg2evrimhoq",
            "protocol": "6",
            "source": "0.0.0.0/0",
            "source_type": "CIDR_BLOCK",
            "stateless": false,
            "tcp_options": [
              {
                "destination_port_range": [
                  {
                    "max": 80,
                    "min": 80
                  }
                ],
                "source_port_range": []
              }
            ],
            "time_created": "2023-11-22 22:55:11.101 +0000 UTC",
            "timeouts": null,
            "udp_options": []
          },
          "sensitive_attributes": [],
          "private": "eyJlMmJmYjczMC1lY2FhLTExZTYtOGY4OC0zNDM2M2JjN2M0YzAiOnsiY3JlYXRlIjoxMjAwMDAwMDAwMDAwLCJkZWxldGUiOjEyMDAwMDAwMDAwMDAsInVwZGF0ZSI6MTIwMDAwMDAwMDAwMH19",
          "dependencies": [
            "module.network.module.vcn.oci_core_vcn.vcn",
            "module.network.oci_core_network_security_group.sl_sg"
          ]
        }
      ]
    },
    {
      "module": "module.network",
      "mode": "managed",
      "type": "oci_core_network_security_group_security_rule",
      "name": "ingress_https",
      "provider": "provider[\"registry.terraform.io/hashicorp/oci\"]",
      "instances": [
        {
          "schema_version": 0,
          "attributes": {
            "description": null,
            "destination": null,
            "destination_type": "",
            "direction": "INGRESS",
            "icmp_options": [],
            "id": "64F7AD",
            "is_valid": true,
            "network_security_group_id": "ocid1.networksecuritygroup.oc1.uk-london-1.aaaaaaaazddagnoqmtwwhpfkeeiugpun2x6bsuxediu7u4jqikg2evrimhoq",
            "protocol": "6",
            "source": "0.0.0.0/0",
            "source_type": "CIDR_BLOCK",
            "stateless": false,
            "tcp_options": [
              {
                "destination_port_range": [
                  {
                    "max": 443,
                    "min": 443
                  }
                ],
                "source_port_range": []
              }
            ],
            "time_created": "2023-11-22 22:55:10.886 +0000 UTC",
            "timeouts": null,
            "udp_options": []
          },
          "sensitive_attributes": [],
          "private": "eyJlMmJmYjczMC1lY2FhLTExZTYtOGY4OC0zNDM2M2JjN2M0YzAiOnsiY3JlYXRlIjoxMjAwMDAwMDAwMDAwLCJkZWxldGUiOjEyMDAwMDAwMDAwMDAsInVwZGF0ZSI6MTIwMDAwMDAwMDAwMH19",
          "dependencies": [
            "module.network.module.vcn.oci_core_vcn.vcn",
            "module.network.oci_core_network_security_group.sl_sg"
          ]
        }
      ]
    },
    {
      "module": "module.network",
      "mode": "managed",
      "type": "oci_core_network_security_group_security_rule",
      "name": "ingress_ssh",
      "provider": "provider[\"registry.terraform.io/hashicorp/oci\"]",
      "instances": [
        {
          "schema_version": 0,
          "attributes": {
            "description": null,
            "destination": null,
            "destination_type": "",
            "direction": "INGRESS",
            "icmp_options": [],
            "id": "3F8212",
            "is_valid": true,
            "network_security_group_id": "ocid1.networksecuritygroup.oc1.uk-london-1.aaaaaaaazddagnoqmtwwhpfkeeiugpun2x6bsuxediu7u4jqikg2evrimhoq",
            "protocol": "6",
            "source": "62.3.76.144/32",
            "source_type": "CIDR_BLOCK",
            "stateless": false,
            "tcp_options": [
              {
                "destination_port_range": [
                  {
                    "max": 22,
                    "min": 22
                  }
                ],
                "source_port_range": []
              }
            ],
            "time_created": "2023-11-22 22:55:10.475 +0000 UTC",
            "timeouts": null,
            "udp_options": []
          },
          "sensitive_attributes": [],
          "private": "eyJlMmJmYjczMC1lY2FhLTExZTYtOGY4OC0zNDM2M2JjN2M0YzAiOnsiY3JlYXRlIjoxMjAwMDAwMDAwMDAwLCJkZWxldGUiOjEyMDAwMDAwMDAwMDAsInVwZGF0ZSI6MTIwMDAwMDAwMDAwMH19",
          "dependencies": [
            "module.network.data.external.my_ip",
            "module.network.module.vcn.oci_core_vcn.vcn",
            "module.network.oci_core_network_security_group.sl_sg"
          ]
        }
      ]
    },
    {
      "module": "module.network",
      "mode": "managed",
      "type": "oci_core_network_security_group_security_rule",
      "name": "ingress_watchtower",
      "provider": "provider[\"registry.terraform.io/hashicorp/oci\"]",
      "instances": [
        {
          "schema_version": 0,
          "attributes": {
            "description": null,
            "destination": null,
            "destination_type": "",
            "direction": "INGRESS",
            "icmp_options": [],
            "id": "12F478",
            "is_valid": true,
            "network_security_group_id": "ocid1.networksecuritygroup.oc1.uk-london-1.aaaaaaaazddagnoqmtwwhpfkeeiugpun2x6bsuxediu7u4jqikg2evrimhoq",
            "protocol": "6",
            "source": "0.0.0.0/0",
            "source_type": "CIDR_BLOCK",
            "stateless": false,
            "tcp_options": [
              {
                "destination_port_range": [
                  {
                    "max": 8080,
                    "min": 8080
                  }
                ],
                "source_port_range": []
              }
            ],
            "time_created": "2023-11-22 22:55:11.692 +0000 UTC",
            "timeouts": null,
            "udp_options": []
          },
          "sensitive_attributes": [],
          "private": "eyJlMmJmYjczMC1lY2FhLTExZTYtOGY4OC0zNDM2M2JjN2M0YzAiOnsiY3JlYXRlIjoxMjAwMDAwMDAwMDAwLCJkZWxldGUiOjEyMDAwMDAwMDAwMDAsInVwZGF0ZSI6MTIwMDAwMDAwMDAwMH19",
          "dependencies": [
            "module.network.module.vcn.oci_core_vcn.vcn",
            "module.network.oci_core_network_security_group.sl_sg"
          ]
        }
      ]
    },
    {
      "module": "module.network",
      "mode": "managed",
      "type": "oci_core_security_list",
      "name": "sl_security_list",
      "provider": "provider[\"registry.terraform.io/hashicorp/oci\"]",
      "instances": [
        {
          "schema_version": 0,
          "attributes": {
            "compartment_id": "ocid1.tenancy.oc1..aaaaaaaa7ir42cknj7xvbqc77vftjpvx7aavbueua4hzkuaur6wx7lyyvuxq",
            "defined_tags": {
              "Oracle-Tags.CreatedBy": "default/mike@wyss.co.uk",
              "Oracle-Tags.CreatedOn": "2023-11-22T22:55:09.952Z"
            },
            "display_name": "sl_security_list",
            "egress_security_rules": [
              {
                "description": "",
                "destination": "0.0.0.0/0",
                "destination_type": "CIDR_BLOCK",
                "icmp_options": [],
                "protocol": "all",
                "stateless": false,
                "tcp_options": [],
                "udp_options": []
              }
            ],
            "freeform_tags": {},
            "id": "ocid1.securitylist.oc1.uk-london-1.aaaaaaaajrtnex34tsw56epemnym6hzvogouscyd4grhhp2ucjd5bdnnjmca",
            "ingress_security_rules": [
              {
                "description": "",
                "icmp_options": [],
                "protocol": "6",
                "source": "62.3.76.144/32",
                "source_type": "CIDR_BLOCK",
                "stateless": false,
                "tcp_options": [
                  {
                    "max": 22,
                    "min": 22,
                    "source_port_range": []
                  }
                ],
                "udp_options": []
              },
              {
                "description": "",
                "icmp_options": [],
                "protocol": "all",
                "source": "0.0.0.0/0",
                "source_type": "CIDR_BLOCK",
                "stateless": false,
                "tcp_options": [],
                "udp_options": []
              }
            ],
            "state": "AVAILABLE",
            "time_created": "2023-11-22 22:55:09.994 +0000 UTC",
            "timeouts": null,
            "vcn_id": "ocid1.vcn.oc1.uk-london-1.amaaaaaaavf7xtyargotom74p2zrdrx3424cqsn33ptvjoysck4ud4ucekrq"
          },
          "sensitive_attributes": [],
          "private": "eyJlMmJmYjczMC1lY2FhLTExZTYtOGY4OC0zNDM2M2JjN2M0YzAiOnsiY3JlYXRlIjoxMjAwMDAwMDAwMDAwLCJkZWxldGUiOjEyMDAwMDAwMDAwMDAsInVwZGF0ZSI6MTIwMDAwMDAwMDAwMH19",
          "dependencies": [
            "module.network.data.external.my_ip",
            "module.network.module.vcn.oci_core_vcn.vcn"
          ]
        }
      ]
    },
    {
      "module": "module.network",
      "mode": "managed",
      "type": "oci_core_subnet",
      "name": "sl_public",
      "provider": "provider[\"registry.terraform.io/hashicorp/oci\"]",
      "instances": [
        {
          "index_key": 0,
          "schema_version": 0,
          "attributes": {
            "availability_domain": null,
            "cidr_block": "10.0.1.0/24",
            "compartment_id": "ocid1.tenancy.oc1..aaaaaaaa7ir42cknj7xvbqc77vftjpvx7aavbueua4hzkuaur6wx7lyyvuxq",
            "defined_tags": {
              "Oracle-Tags.CreatedBy": "default/mike@wyss.co.uk",
              "Oracle-Tags.CreatedOn": "2023-11-22T22:55:10.846Z"
            },
            "dhcp_options_id": "ocid1.dhcpoptions.oc1.uk-london-1.aaaaaaaapu3gcqcptqrglr6bkpz3mut6vm22gw63e3aamnzuuxdfmxftd6ra",
            "display_name": "subnet20231122225511",
            "dns_label": "sl0",
            "freeform_tags": {
              "CreatedBy": "Terraform"
            },
            "id": "ocid1.subnet.oc1.uk-london-1.aaaaaaaawf3w372retjcnczmmxpdnrsqq3t7onhwkhjrdvo7rlweyjgpwcsa",
            "ipv6cidr_block": null,
            "ipv6cidr_blocks": [],
            "ipv6virtual_router_ip": null,
            "prohibit_internet_ingress": false,
            "prohibit_public_ip_on_vnic": false,
            "route_table_id": "ocid1.routetable.oc1.uk-london-1.aaaaaaaafcensgfbomyqikgmbq2s5yxd2ronojka2v4oagcsj4zulxtczzwa",
            "security_list_ids": [
              "ocid1.securitylist.oc1.uk-london-1.aaaaaaaajrtnex34tsw56epemnym6hzvogouscyd4grhhp2ucjd5bdnnjmca"
            ],
            "state": "AVAILABLE",
            "subnet_domain_name": "sl0.apivcn.oraclevcn.com",
            "time_created": "2023-11-22 22:55:11.176 +0000 UTC",
            "timeouts": null,
            "vcn_id": "ocid1.vcn.oc1.uk-london-1.amaaaaaaavf7xtyargotom74p2zrdrx3424cqsn33ptvjoysck4ud4ucekrq",
            "virtual_router_ip": "10.0.1.1",
            "virtual_router_mac": "00:00:17:36:E1:C0"
          },
          "sensitive_attributes": [],
          "private": "eyJlMmJmYjczMC1lY2FhLTExZTYtOGY4OC0zNDM2M2JjN2M0YzAiOnsiY3JlYXRlIjoxMjAwMDAwMDAwMDAwLCJkZWxldGUiOjEyMDAwMDAwMDAwMDAsInVwZGF0ZSI6MTIwMDAwMDAwMDAwMH19",
          "dependencies": [
            "module.network.data.external.my_ip",
            "module.network.module.vcn.oci_core_internet_gateway.ig",
            "module.network.module.vcn.oci_core_route_table.ig",
            "module.network.module.vcn.oci_core_vcn.vcn",
            "module.network.oci_core_security_list.sl_security_list"
          ]
        },
        {
          "index_key": 1,
          "schema_version": 0,
          "attributes": {
            "availability_domain": null,
            "cidr_block": "10.0.2.0/24",
            "compartment_id": "ocid1.tenancy.oc1..aaaaaaaa7ir42cknj7xvbqc77vftjpvx7aavbueua4hzkuaur6wx7lyyvuxq",
            "defined_tags": {
              "Oracle-Tags.CreatedBy": "default/mike@wyss.co.uk",
              "Oracle-Tags.CreatedOn": "2023-11-22T22:55:10.848Z"
            },
            "dhcp_options_id": "ocid1.dhcpoptions.oc1.uk-london-1.aaaaaaaapu3gcqcptqrglr6bkpz3mut6vm22gw63e3aamnzuuxdfmxftd6ra",
            "display_name": "subnet20231122225510",
            "dns_label": "sl1",
            "freeform_tags": {
              "CreatedBy": "Terraform"
            },
            "id": "ocid1.subnet.oc1.uk-london-1.aaaaaaaauts4xsdgwxz5u5phdfehz54txjql3h2ywajgazzxmhvls2rhrpja",
            "ipv6cidr_block": null,
            "ipv6cidr_blocks": [],
            "ipv6virtual_router_ip": null,
            "prohibit_internet_ingress": false,
            "prohibit_public_ip_on_vnic": false,
            "route_table_id": "ocid1.routetable.oc1.uk-london-1.aaaaaaaafcensgfbomyqikgmbq2s5yxd2ronojka2v4oagcsj4zulxtczzwa",
            "security_list_ids": [
              "ocid1.securitylist.oc1.uk-london-1.aaaaaaaajrtnex34tsw56epemnym6hzvogouscyd4grhhp2ucjd5bdnnjmca"
            ],
            "state": "AVAILABLE",
            "subnet_domain_name": "sl1.apivcn.oraclevcn.com",
            "time_created": "2023-11-22 22:55:10.89 +0000 UTC",
            "timeouts": null,
            "vcn_id": "ocid1.vcn.oc1.uk-london-1.amaaaaaaavf7xtyargotom74p2zrdrx3424cqsn33ptvjoysck4ud4ucekrq",
            "virtual_router_ip": "10.0.2.1",
            "virtual_router_mac": "00:00:17:36:E1:C0"
          },
          "sensitive_attributes": [],
          "private": "eyJlMmJmYjczMC1lY2FhLTExZTYtOGY4OC0zNDM2M2JjN2M0YzAiOnsiY3JlYXRlIjoxMjAwMDAwMDAwMDAwLCJkZWxldGUiOjEyMDAwMDAwMDAwMDAsInVwZGF0ZSI6MTIwMDAwMDAwMDAwMH19",
          "dependencies": [
            "module.network.data.external.my_ip",
            "module.network.module.vcn.oci_core_internet_gateway.ig",
            "module.network.module.vcn.oci_core_route_table.ig",
            "module.network.module.vcn.oci_core_vcn.vcn",
            "module.network.oci_core_security_list.sl_security_list"
          ]
        }
      ]
    },
    {
      "module": "module.network.module.vcn",
      "mode": "managed",
      "type": "oci_core_default_security_list",
      "name": "lockdown",
      "provider": "provider[\"registry.terraform.io/oracle/oci\"]",
      "instances": [
        {
          "index_key": 0,
          "schema_version": 0,
          "attributes": {
            "compartment_id": "ocid1.tenancy.oc1..aaaaaaaa7ir42cknj7xvbqc77vftjpvx7aavbueua4hzkuaur6wx7lyyvuxq",
            "defined_tags": {
              "Oracle-Tags.CreatedBy": "default/mike@wyss.co.uk",
              "Oracle-Tags.CreatedOn": "2023-11-22T22:55:09.066Z"
            },
            "display_name": "Default Security List for sl_vcn",
            "egress_security_rules": [],
            "freeform_tags": {
              "CreatedBy": "Terraform"
            },
            "id": "ocid1.securitylist.oc1.uk-london-1.aaaaaaaa63updmp5eqcnkjm5krsxoj54xruu7gi6xoro5q6maq43kxxpzsfa",
            "ingress_security_rules": [],
            "manage_default_resource_id": "ocid1.securitylist.oc1.uk-london-1.aaaaaaaa63updmp5eqcnkjm5krsxoj54xruu7gi6xoro5q6maq43kxxpzsfa",
            "state": "AVAILABLE",
            "time_created": "2023-11-22 22:55:09.197 +0000 UTC",
            "timeouts": null
          },
          "sensitive_attributes": [],
          "private": "eyJlMmJmYjczMC1lY2FhLTExZTYtOGY4OC0zNDM2M2JjN2M0YzAiOnsiY3JlYXRlIjoxMjAwMDAwMDAwMDAwLCJkZWxldGUiOjEyMDAwMDAwMDAwMDAsInVwZGF0ZSI6MTIwMDAwMDAwMDAwMH19",
          "dependencies": [
            "module.network.module.vcn.oci_core_vcn.vcn"
          ]
        }
      ]
    },
    {
      "module": "module.network.module.vcn",
      "mode": "managed",
      "type": "oci_core_internet_gateway",
      "name": "ig",
      "provider": "provider[\"registry.terraform.io/oracle/oci\"]",
      "instances": [
        {
          "index_key": 0,
          "schema_version": 0,
          "attributes": {
            "compartment_id": "ocid1.tenancy.oc1..aaaaaaaa7ir42cknj7xvbqc77vftjpvx7aavbueua4hzkuaur6wx7lyyvuxq",
            "defined_tags": {
              "Oracle-Tags.CreatedBy": "default/mike@wyss.co.uk",
              "Oracle-Tags.CreatedOn": "2023-11-22T22:55:09.874Z"
            },
            "display_name": "internet-gateway",
            "enabled": true,
            "freeform_tags": {
              "CreatedBy": "Terraform"
            },
            "id": "ocid1.internetgateway.oc1.uk-london-1.aaaaaaaa7dlyab75hccmgkzc4qmhshf2pdaapdrenvqfvaz5ze3eipk7kdiq",
            "route_table_id": null,
            "state": "AVAILABLE",
            "time_created": "2023-11-22 22:55:09.913 +0000 UTC",
            "timeouts": null,
            "vcn_id": "ocid1.vcn.oc1.uk-london-1.amaaaaaaavf7xtyargotom74p2zrdrx3424cqsn33ptvjoysck4ud4ucekrq"
          },
          "sensitive_attributes": [],
          "private": "eyJlMmJmYjczMC1lY2FhLTExZTYtOGY4OC0zNDM2M2JjN2M0YzAiOnsiY3JlYXRlIjoxMjAwMDAwMDAwMDAwLCJkZWxldGUiOjEyMDAwMDAwMDAwMDAsInVwZGF0ZSI6MTIwMDAwMDAwMDAwMH19",
          "dependencies": [
            "module.network.module.vcn.oci_core_vcn.vcn"
          ]
        }
      ]
    },
    {
      "module": "module.network.module.vcn",
      "mode": "managed",
      "type": "oci_core_route_table",
      "name": "ig",
      "provider": "provider[\"registry.terraform.io/oracle/oci\"]",
      "instances": [
        {
          "index_key": 0,
          "schema_version": 0,
          "attributes": {
            "compartment_id": "ocid1.tenancy.oc1..aaaaaaaa7ir42cknj7xvbqc77vftjpvx7aavbueua4hzkuaur6wx7lyyvuxq",
            "defined_tags": {
              "Oracle-Tags.CreatedBy": "default/mike@wyss.co.uk",
              "Oracle-Tags.CreatedOn": "2023-11-22T22:55:10.401Z"
            },
            "display_name": "internet-route",
            "freeform_tags": {
              "CreatedBy": "Terraform"
            },
            "id": "ocid1.routetable.oc1.uk-london-1.aaaaaaaafcensgfbomyqikgmbq2s5yxd2ronojka2v4oagcsj4zulxtczzwa",
            "route_rules": [
              {
                "cidr_block": "",
                "description": "Terraformed - Auto-generated at Internet Gateway creation: Internet Gateway as default gateway",
                "destination": "0.0.0.0/0",
                "destination_type": "CIDR_BLOCK",
                "network_entity_id": "ocid1.internetgateway.oc1.uk-london-1.aaaaaaaa7dlyab75hccmgkzc4qmhshf2pdaapdrenvqfvaz5ze3eipk7kdiq",
                "route_type": ""
              }
            ],
            "state": "AVAILABLE",
            "time_created": "2023-11-22 22:55:10.417 +0000 UTC",
            "timeouts": null,
            "vcn_id": "ocid1.vcn.oc1.uk-london-1.amaaaaaaavf7xtyargotom74p2zrdrx3424cqsn33ptvjoysck4ud4ucekrq"
          },
          "sensitive_attributes": [],
          "private": "eyJlMmJmYjczMC1lY2FhLTExZTYtOGY4OC0zNDM2M2JjN2M0YzAiOnsiY3JlYXRlIjoxMjAwMDAwMDAwMDAwLCJkZWxldGUiOjEyMDAwMDAwMDAwMDAsInVwZGF0ZSI6MTIwMDAwMDAwMDAwMH19",
          "dependencies": [
            "module.network.module.vcn.oci_core_internet_gateway.ig",
            "module.network.module.vcn.oci_core_vcn.vcn"
          ]
        }
      ]
    },
    {
      "module": "module.network.module.vcn",
      "mode": "managed",
      "type": "oci_core_vcn",
      "name": "vcn",
      "provider": "provider[\"registry.terraform.io/oracle/oci\"]",
      "instances": [
        {
          "schema_version": 0,
          "attributes": {
            "byoipv6cidr_blocks": [],
            "byoipv6cidr_details": [],
            "cidr_block": "10.0.0.0/16",
            "cidr_blocks": [
              "10.0.0.0/16"
            ],
            "compartment_id": "ocid1.tenancy.oc1..aaaaaaaa7ir42cknj7xvbqc77vftjpvx7aavbueua4hzkuaur6wx7lyyvuxq",
            "default_dhcp_options_id": "ocid1.dhcpoptions.oc1.uk-london-1.aaaaaaaapu3gcqcptqrglr6bkpz3mut6vm22gw63e3aamnzuuxdfmxftd6ra",
            "default_route_table_id": "ocid1.routetable.oc1.uk-london-1.aaaaaaaa3sm6moxgyiruseywirjflw6javn35xfspvu5zw2buyoelqqn5j6q",
            "default_security_list_id": "ocid1.securitylist.oc1.uk-london-1.aaaaaaaa63updmp5eqcnkjm5krsxoj54xruu7gi6xoro5q6maq43kxxpzsfa",
            "defined_tags": {
              "Oracle-Tags.CreatedBy": "default/mike@wyss.co.uk",
              "Oracle-Tags.CreatedOn": "2023-11-22T22:55:09.066Z"
            },
            "display_name": "sl_vcn",
            "dns_label": "apivcn",
            "freeform_tags": {
              "CreatedBy": "Terraform"
            },
            "id": "ocid1.vcn.oc1.uk-london-1.amaaaaaaavf7xtyargotom74p2zrdrx3424cqsn33ptvjoysck4ud4ucekrq",
            "ipv6cidr_blocks": [],
            "ipv6private_cidr_blocks": [],
            "is_ipv6enabled": false,
            "is_oracle_gua_allocation_enabled": null,
            "state": "AVAILABLE",
            "time_created": "2023-11-22 22:55:09.197 +0000 UTC",
            "timeouts": null,
            "vcn_domain_name": "apivcn.oraclevcn.com"
          },
          "sensitive_attributes": [],
          "private": "eyJlMmJmYjczMC1lY2FhLTExZTYtOGY4OC0zNDM2M2JjN2M0YzAiOnsiY3JlYXRlIjoxMjAwMDAwMDAwMDAwLCJkZWxldGUiOjEyMDAwMDAwMDAwMDAsInVwZGF0ZSI6MTIwMDAwMDAwMDAwMH19"
        }
      ]
    }
  ],
  "check_results": []
}
